
Microsoft Visual Studio Solution File, Format Version 12.00
# Visual Studio Version 17
VisualStudioVersion = 17.13.35825.156 d17.13
MinimumVisualStudioVersion = 10.0.40219.1
Project("{FAE04EC0-301F-11D3-BF4B-00C04F79EFBC}") = "Biblioteca-Privada", "Biblioteca-Privada\Biblioteca-Privada.csproj", "{70426DA4-4C7F-4E86-8F2C-52EFB3602B1B}"
EndProject
Global
	GlobalSection(SolutionConfigurationPlatforms) = preSolution
		Debug|Any CPU = Debug|Any CPU
		Release|Any CPU = Release|Any CPU
	EndGlobalSection
	GlobalSection(ProjectConfigurationPlatforms) = postSolution
		{70426DA4-4C7F-4E86-8F2C-52EFB3602B1B}.Debug|Any CPU.ActiveCfg = Debug|Any CPU
		{70426DA4-4C7F-4E86-8F2C-52EFB3602B1B}.Debug|Any CPU.Build.0 = Debug|Any CPU
		{70426DA4-4C7F-4E86-8F2C-52EFB3602B1B}.Release|Any CPU.ActiveCfg = Release|Any CPU
		{70426DA4-4C7F-4E86-8F2C-52EFB3602B1B}.Release|Any CPU.Build.0 = Release|Any CPU
	EndGlobalSection
	GlobalSection(SolutionProperties) = preSolution
		HideSolutionNode = FALSE
	EndGlobalSection
	GlobalSection(ExtensibilityGlobals) = postSolution
		SolutionGuid = {24AA2C42-7E4E-48AB-B462-20AAC99B0761}
	EndGlobalSection
EndGlobal
